
Microsoft Visual Studio Solution File, Format Version 12.00
# Visual Studio Version 16
VisualStudioVersion = 16.0.29424.173
MinimumVisualStudioVersion = 10.0.40219.1
Project("{FAE04EC0-301F-11D3-BF4B-00C04F79EFBC}") = "AppFuncionesyproc", "AppFuncionesyproc\AppFuncionesyproc.csproj", "{AA019E3E-083D-4A17-BBBE-100DA27C70FB}"
EndProject
Project("{FAE04EC0-301F-11D3-BF4B-00C04F79EFBC}") = "AppTareaClass", "AppTareaClass\AppTareaClass.csproj", "{33001CEC-6CCE-4F6D-95B4-260F7B2DC108}"
EndProject
Project("{FAE04EC0-301F-11D3-BF4B-00C04F79EFBC}") = "TareaFormulaGeneral", "TareaFormulaGeneral\TareaFormulaGeneral.csproj", "{A5B64B8D-387A-4D91-90E8-9613AF25C6BC}"
EndProject
Project("{FAE04EC0-301F-11D3-BF4B-00C04F79EFBC}") = "TareaBilletes", "TareaBilletes\TareaBilletes.csproj", "{9D93FBA2-EC24-4DA1-A774-7C343AE63CA3}"
EndProject
Global
	GlobalSection(SolutionConfigurationPlatforms) = preSolution
		Debug|Any CPU = Debug|Any CPU
		Release|Any CPU = Release|Any CPU
	EndGlobalSection
	GlobalSection(ProjectConfigurationPlatforms) = postSolution
		{AA019E3E-083D-4A17-BBBE-100DA27C70FB}.Debug|Any CPU.ActiveCfg = Debug|Any CPU
		{AA019E3E-083D-4A17-BBBE-100DA27C70FB}.Debug|Any CPU.Build.0 = Debug|Any CPU
		{AA019E3E-083D-4A17-BBBE-100DA27C70FB}.Release|Any CPU.ActiveCfg = Release|Any CPU
		{AA019E3E-083D-4A17-BBBE-100DA27C70FB}.Release|Any CPU.Build.0 = Release|Any CPU
		{33001CEC-6CCE-4F6D-95B4-260F7B2DC108}.Debug|Any CPU.ActiveCfg = Debug|Any CPU
		{33001CEC-6CCE-4F6D-95B4-260F7B2DC108}.Debug|Any CPU.Build.0 = Debug|Any CPU
		{33001CEC-6CCE-4F6D-95B4-260F7B2DC108}.Release|Any CPU.ActiveCfg = Release|Any CPU
		{33001CEC-6CCE-4F6D-95B4-260F7B2DC108}.Release|Any CPU.Build.0 = Release|Any CPU
		{A5B64B8D-387A-4D91-90E8-9613AF25C6BC}.Debug|Any CPU.ActiveCfg = Debug|Any CPU
		{A5B64B8D-387A-4D91-90E8-9613AF25C6BC}.Debug|Any CPU.Build.0 = Debug|Any CPU
		{A5B64B8D-387A-4D91-90E8-9613AF25C6BC}.Release|Any CPU.ActiveCfg = Release|Any CPU
		{A5B64B8D-387A-4D91-90E8-9613AF25C6BC}.Release|Any CPU.Build.0 = Release|Any CPU
		{9D93FBA2-EC24-4DA1-A774-7C343AE63CA3}.Debug|Any CPU.ActiveCfg = Debug|Any CPU
		{9D93FBA2-EC24-4DA1-A774-7C343AE63CA3}.Debug|Any CPU.Build.0 = Debug|Any CPU
		{9D93FBA2-EC24-4DA1-A774-7C343AE63CA3}.Release|Any CPU.ActiveCfg = Release|Any CPU
		{9D93FBA2-EC24-4DA1-A774-7C343AE63CA3}.Release|Any CPU.Build.0 = Release|Any CPU
	EndGlobalSection
	GlobalSection(SolutionProperties) = preSolution
		HideSolutionNode = FALSE
	EndGlobalSection
	GlobalSection(ExtensibilityGlobals) = postSolution
		SolutionGuid = {01A68A41-26D1-466A-A7D2-A5ECE2D462AD}
	EndGlobalSection
EndGlobal
